
Microsoft Visual Studio Solution File, Format Version 12.00
# Visual Studio 15
VisualStudioVersion = 15.0.27428.2015
MinimumVisualStudioVersion = 10.0.40219.1
Project("{FAE04EC0-301F-11D3-BF4B-00C04F79EFBC}") = "Entidades", "Entidades\Entidades.csproj", "{6CB4ACA4-620B-48EA-A356-1CDFA889602F}"
EndProject
Project("{FAE04EC0-301F-11D3-BF4B-00C04F79EFBC}") = "MiCalculadora", "MiCalculadora\MiCalculadora.csproj", "{EE3645D8-4064-4D7F-9360-C130D445B8B5}"
EndProject
Global
	GlobalSection(SolutionConfigurationPlatforms) = preSolution
		Debug|Any CPU = Debug|Any CPU
		Release|Any CPU = Release|Any CPU
	EndGlobalSection
	GlobalSection(ProjectConfigurationPlatforms) = postSolution
		{6CB4ACA4-620B-48EA-A356-1CDFA889602F}.Debug|Any CPU.ActiveCfg = Debug|Any CPU
		{6CB4ACA4-620B-48EA-A356-1CDFA889602F}.Debug|Any CPU.Build.0 = Debug|Any CPU
		{6CB4ACA4-620B-48EA-A356-1CDFA889602F}.Release|Any CPU.ActiveCfg = Release|Any CPU
		{6CB4ACA4-620B-48EA-A356-1CDFA889602F}.Release|Any CPU.Build.0 = Release|Any CPU
		{EE3645D8-4064-4D7F-9360-C130D445B8B5}.Debug|Any CPU.ActiveCfg = Debug|Any CPU
		{EE3645D8-4064-4D7F-9360-C130D445B8B5}.Debug|Any CPU.Build.0 = Debug|Any CPU
		{EE3645D8-4064-4D7F-9360-C130D445B8B5}.Release|Any CPU.ActiveCfg = Release|Any CPU
		{EE3645D8-4064-4D7F-9360-C130D445B8B5}.Release|Any CPU.Build.0 = Release|Any CPU
	EndGlobalSection
	GlobalSection(SolutionProperties) = preSolution
		HideSolutionNode = FALSE
	EndGlobalSection
	GlobalSection(ExtensibilityGlobals) = postSolution
		SolutionGuid = {4A9F2989-822D-4577-8B9D-202F4EC6E8B2}
	EndGlobalSection
EndGlobal
